// !$*UTF8*$!
{
	archiveVersion = 1;
	classes = {
	};
	objectVersion = 56;
	objects = {

/* Begin PBXBuildFile section */
		EF29495F29C8CBBB000400E7 /* AppDelegate.swift in Sources */ = {isa = PBXBuildFile; fileRef = EF29495E29C8CBBB000400E7 /* AppDelegate.swift */; };
		EF29496129C8CBBB000400E7 /* SceneDelegate.swift in Sources */ = {isa = PBXBuildFile; fileRef = EF29496029C8CBBB000400E7 /* SceneDelegate.swift */; };
		EF29496329C8CBBB000400E7 /* MainViewController.swift in Sources */ = {isa = PBXBuildFile; fileRef = EF29496229C8CBBB000400E7 /* MainViewController.swift */; };
		EF29496629C8CBBB000400E7 /* Main.storyboard in Resources */ = {isa = PBXBuildFile; fileRef = EF29496429C8CBBB000400E7 /* Main.storyboard */; };
		EF29496829C8CBBC000400E7 /* Assets.xcassets in Resources */ = {isa = PBXBuildFile; fileRef = EF29496729C8CBBC000400E7 /* Assets.xcassets */; };
		EF29496B29C8CBBC000400E7 /* LaunchScreen.storyboard in Resources */ = {isa = PBXBuildFile; fileRef = EF29496929C8CBBC000400E7 /* LaunchScreen.storyboard */; };
		EF29497329C8D5A4000400E7 /* Hero.swift in Sources */ = {isa = PBXBuildFile; fileRef = EF29497229C8D5A4000400E7 /* Hero.swift */; };
		EFB4368529C9BD99006B1DA2 /* Persone.swift in Sources */ = {isa = PBXBuildFile; fileRef = EFB4368429C9BD99006B1DA2 /* Persone.swift */; };
		EFB4368C29C9D0B1006B1DA2 /* NetworkManager.swift in Sources */ = {isa = PBXBuildFile; fileRef = EFB4368B29C9D0B1006B1DA2 /* NetworkManager.swift */; };
/* End PBXBuildFile section */

/* Begin PBXFileReference section */
		EF29495B29C8CBBB000400E7 /* 3.2.app */ = {isa = PBXFileReference; explicitFileType = wrapper.application; includeInIndex = 0; path = 3.2.app; sourceTree = BUILT_PRODUCTS_DIR; };
		EF29495E29C8CBBB000400E7 /* AppDelegate.swift */ = {isa = PBXFileReference; lastKnownFileType = sourcecode.swift; path = AppDelegate.swift; sourceTree = "<group>"; };
		EF29496029C8CBBB000400E7 /* SceneDelegate.swift */ = {isa = PBXFileReference; lastKnownFileType = sourcecode.swift; path = SceneDelegate.swift; sourceTree = "<group>"; };
		EF29496229C8CBBB000400E7 /* MainViewController.swift */ = {isa = PBXFileReference; lastKnownFileType = sourcecode.swift; path = MainViewController.swift; sourceTree = "<group>"; };
		EF29496529C8CBBB000400E7 /* Base */ = {isa = PBXFileReference; lastKnownFileType = file.storyboard; name = Base; path = Base.lproj/Main.storyboard; sourceTree = "<group>"; };
		EF29496729C8CBBC000400E7 /* Assets.xcassets */ = {isa = PBXFileReference; lastKnownFileType = folder.assetcatalog; path = Assets.xcassets; sourceTree = "<group>"; };
		EF29496A29C8CBBC000400E7 /* Base */ = {isa = PBXFileReference; lastKnownFileType = file.storyboard; name = Base; path = Base.lproj/LaunchScreen.storyboard; sourceTree = "<group>"; };
		EF29496C29C8CBBC000400E7 /* Info.plist */ = {isa = PBXFileReference; lastKnownFileType = text.plist.xml; path = Info.plist; sourceTree = "<group>"; };
		EF29497229C8D5A4000400E7 /* Hero.swift */ = {isa = PBXFileReference; lastKnownFileType = sourcecode.swift; path = Hero.swift; sourceTree = "<group>"; };
		EFB4368429C9BD99006B1DA2 /* Persone.swift */ = {isa = PBXFileReference; lastKnownFileType = sourcecode.swift; path = Persone.swift; sourceTree = "<group>"; };
		EFB4368B29C9D0B1006B1DA2 /* NetworkManager.swift */ = {isa = PBXFileReference; lastKnownFileType = sourcecode.swift; path = NetworkManager.swift; sourceTree = "<group>"; };
/* End PBXFileReference section */

/* Begin PBXFrameworksBuildPhase section */
		EF29495829C8CBBB000400E7 /* Frameworks */ = {
			isa = PBXFrameworksBuildPhase;
			buildActionMask = 2147483647;
			files = (
			);
			runOnlyForDeploymentPostprocessing = 0;
		};
/* End PBXFrameworksBuildPhase section */

/* Begin PBXGroup section */
		EF29495229C8CBBB000400E7 = {
			isa = PBXGroup;
			children = (
				EF29495D29C8CBBB000400E7 /* 3.2 */,
				EF29495C29C8CBBB000400E7 /* Products */,
			);
			sourceTree = "<group>";
		};
		EF29495C29C8CBBB000400E7 /* Products */ = {
			isa = PBXGroup;
			children = (
				EF29495B29C8CBBB000400E7 /* 3.2.app */,
			);
			name = Products;
			sourceTree = "<group>";
		};
		EF29495D29C8CBBB000400E7 /* 3.2 */ = {
			isa = PBXGroup;
			children = (
				EFB4368A29C9D099006B1DA2 /* NetworkManager */,
				EFB4368629C9C141006B1DA2 /* App */,
				EFB4368929C9C179006B1DA2 /* Models */,
				EFB4368729C9C14A006B1DA2 /* ViewControllers */,
				EFB4368829C9C15A006B1DA2 /* Storyboards */,
				EF29496729C8CBBC000400E7 /* Assets.xcassets */,
				EF29496C29C8CBBC000400E7 /* Info.plist */,
			);
			path = 3.2;
			sourceTree = "<group>";
		};
		EFB4368629C9C141006B1DA2 /* App */ = {
			isa = PBXGroup;
			children = (
				EF29495E29C8CBBB000400E7 /* AppDelegate.swift */,
				EF29496029C8CBBB000400E7 /* SceneDelegate.swift */,
			);
			path = App;
			sourceTree = "<group>";
		};
		EFB4368729C9C14A006B1DA2 /* ViewControllers */ = {
			isa = PBXGroup;
			children = (
				EF29496229C8CBBB000400E7 /* MainViewController.swift */,
			);
			path = ViewControllers;
			sourceTree = "<group>";
		};
		EFB4368829C9C15A006B1DA2 /* Storyboards */ = {
			isa = PBXGroup;
			children = (
				EF29496429C8CBBB000400E7 /* Main.storyboard */,
				EF29496929C8CBBC000400E7 /* LaunchScreen.storyboard */,
			);
			path = Storyboards;
			sourceTree = "<group>";
		};
		EFB4368929C9C179006B1DA2 /* Models */ = {
			isa = PBXGroup;
			children = (
				EF29497229C8D5A4000400E7 /* Hero.swift */,
				EFB4368429C9BD99006B1DA2 /* Persone.swift */,
			);
			path = Models;
			sourceTree = "<group>";
		};
		EFB4368A29C9D099006B1DA2 /* NetworkManager */ = {
			isa = PBXGroup;
			children = (
				EFB4368B29C9D0B1006B1DA2 /* NetworkManager.swift */,
			);
			path = NetworkManager;
			sourceTree = "<group>";
		};
/* End PBXGroup section */

/* Begin PBXNativeTarget section */
		EF29495A29C8CBBB000400E7 /* 3.2 */ = {
			isa = PBXNativeTarget;
			buildConfigurationList = EF29496F29C8CBBC000400E7 /* Build configuration list for PBXNativeTarget "3.2" */;
			buildPhases = (
				EF29495729C8CBBB000400E7 /* Sources */,
				EF29495829C8CBBB000400E7 /* Frameworks */,
				EF29495929C8CBBB000400E7 /* Resources */,
			);
			buildRules = (
			);
			dependencies = (
			);
			name = 3.2;
			productName = 3.2;
			productReference = EF29495B29C8CBBB000400E7 /* 3.2.app */;
			productType = "com.apple.product-type.application";
		};
/* End PBXNativeTarget section */

/* Begin PBXProject section */
		EF29495329C8CBBB000400E7 /* Project object */ = {
			isa = PBXProject;
			attributes = {
				BuildIndependentTargetsInParallel = 1;
				LastSwiftUpdateCheck = 1420;
				LastUpgradeCheck = 1420;
				TargetAttributes = {
					EF29495A29C8CBBB000400E7 = {
						CreatedOnToolsVersion = 14.2;
					};
				};
			};
			buildConfigurationList = EF29495629C8CBBB000400E7 /* Build configuration list for PBXProject "3.2" */;
			compatibilityVersion = "Xcode 14.0";
			developmentRegion = en;
			hasScannedForEncodings = 0;
			knownRegions = (
				en,
				Base,
			);
			mainGroup = EF29495229C8CBBB000400E7;
			productRefGroup = EF29495C29C8CBBB000400E7 /* Products */;
			projectDirPath = "";
			projectRoot = "";
			targets = (
				EF29495A29C8CBBB000400E7 /* 3.2 */,
			);
		};
/* End PBXProject section */

/* Begin PBXResourcesBuildPhase section */
		EF29495929C8CBBB000400E7 /* Resources */ = {
			isa = PBXResourcesBuildPhase;
			buildActionMask = 2147483647;
			files = (
				EF29496B29C8CBBC000400E7 /* LaunchScreen.storyboard in Resources */,
				EF29496829C8CBBC000400E7 /* Assets.xcassets in Resources */,
				EF29496629C8CBBB000400E7 /* Main.storyboard in Resources */,
			);
			runOnlyForDeploymentPostprocessing = 0;
		};
/* End PBXResourcesBuildPhase section */

/* Begin PBXSourcesBuildPhase section */
		EF29495729C8CBBB000400E7 /* Sources */ = {
			isa = PBXSourcesBuildPhase;
			buildActionMask = 2147483647;
			files = (
				EFB4368C29C9D0B1006B1DA2 /* NetworkManager.swift in Sources */,
				EF29497329C8D5A4000400E7 /* Hero.swift in Sources */,
				EF29496329C8CBBB000400E7 /* MainViewController.swift in Sources */,
				EF29495F29C8CBBB000400E7 /* AppDelegate.swift in Sources */,
				EFB4368529C9BD99006B1DA2 /* Persone.swift in Sources */,
				EF29496129C8CBBB000400E7 /* SceneDelegate.swift in Sources */,
			);
			runOnlyForDeploymentPostprocessing = 0;
		};
/* End PBXSourcesBuildPhase section */

/* Begin PBXVariantGroup section */
		EF29496429C8CBBB000400E7 /* Main.storyboard */ = {
			isa = PBXVariantGroup;
			children = (
				EF29496529C8CBBB000400E7 /* Base */,
			);
			name = Main.storyboard;
			sourceTree = "<group>";
		};
		EF29496929C8CBBC000400E7 /* LaunchScreen.storyboard */ = {
			isa = PBXVariantGroup;
			children = (
				EF29496A29C8CBBC000400E7 /* Base */,
			);
			name = LaunchScreen.storyboard;
			sourceTree = "<group>";
		};
/* End PBXVariantGroup section */

/* Begin XCBuildConfiguration section */
		EF29496D29C8CBBC000400E7 /* Debug */ = {
			isa = XCBuildConfiguration;
			buildSettings = {
				ALWAYS_SEARCH_USER_PATHS = NO;
				CLANG_ANALYZER_NONNULL = YES;
				CLANG_ANALYZER_NUMBER_OBJECT_CONVERSION = YES_AGGRESSIVE;
				CLANG_CXX_LANGUAGE_STANDARD = "gnu++20";
				CLANG_ENABLE_MODULES = YES;
				CLANG_ENABLE_OBJC_ARC = YES;
				CLANG_ENABLE_OBJC_WEAK = YES;
				CLANG_WARN_BLOCK_CAPTURE_AUTORELEASING = YES;
				CLANG_WARN_BOOL_CONVERSION = YES;
				CLANG_WARN_COMMA = YES;
				CLANG_WARN_CONSTANT_CONVERSION = YES;
				CLANG_WARN_DEPRECATED_OBJC_IMPLEMENTATIONS = YES;
				CLANG_WARN_DIRECT_OBJC_ISA_USAGE = YES_ERROR;
				CLANG_WARN_DOCUMENTATION_COMMENTS = YES;
				CLANG_WARN_EMPTY_BODY = YES;
				CLANG_WARN_ENUM_CONVERSION = YES;
				CLANG_WARN_INFINITE_RECURSION = YES;
				CLANG_WARN_INT_CONVERSION = YES;
				CLANG_WARN_NON_LITERAL_NULL_CONVERSION = YES;
				CLANG_WARN_OBJC_IMPLICIT_RETAIN_SELF = YES;
				CLANG_WARN_OBJC_LITERAL_CONVERSION = YES;
				CLANG_WARN_OBJC_ROOT_CLASS = YES_ERROR;
				CLANG_WARN_QUOTED_INCLUDE_IN_FRAMEWORK_HEADER = YES;
				CLANG_WARN_RANGE_LOOP_ANALYSIS = YES;
				CLANG_WARN_STRICT_PROTOTYPES = YES;
				CLANG_WARN_SUSPICIOUS_MOVE = YES;
				CLANG_WARN_UNGUARDED_AVAILABILITY = YES_AGGRESSIVE;
				CLANG_WARN_UNREACHABLE_CODE = YES;
				CLANG_WARN__DUPLICATE_METHOD_MATCH = YES;
				COPY_PHASE_STRIP = NO;
				DEBUG_INFORMATION_FORMAT = dwarf;
				ENABLE_STRICT_OBJC_MSGSEND = YES;
				ENABLE_TESTABILITY = YES;
				GCC_C_LANGUAGE_STANDARD = gnu11;
				GCC_DYNAMIC_NO_PIC = NO;
				GCC_NO_COMMON_BLOCKS = YES;
				GCC_OPTIMIZATION_LEVEL = 0;
				GCC_PREPROCESSOR_DEFINITIONS = (
					"DEBUG=1",
					"$(inherited)",
				);
				GCC_WARN_64_TO_32_BIT_CONVERSION = YES;
				GCC_WARN_ABOUT_RETURN_TYPE = YES_ERROR;
				GCC_WARN_UNDECLARED_SELECTOR = YES;
				GCC_WARN_UNINITIALIZED_AUTOS = YES_AGGRESSIVE;
				GCC_WARN_UNUSED_FUNCTION = YES;
				GCC_WARN_UNUSED_VARIABLE = YES;
				IPHONEOS_DEPLOYMENT_TARGET = 16.2;
				MTL_ENABLE_DEBUG_INFO = INCLUDE_SOURCE;
				MTL_FAST_MATH = YES;
				ONLY_ACTIVE_ARCH = YES;
				SDKROOT = iphoneos;
				SWIFT_ACTIVE_COMPILATION_CONDITIONS = DEBUG;
				SWIFT_OPTIMIZATION_LEVEL = "-Onone";
			};
			name = Debug;
		};
		EF29496E29C8CBBC000400E7 /* Release */ = {
			isa = XCBuildConfiguration;
			buildSettings = {
				ALWAYS_SEARCH_USER_PATHS = NO;
				CLANG_ANALYZER_NONNULL = YES;
				CLANG_ANALYZER_NUMBER_OBJECT_CONVERSION = YES_AGGRESSIVE;
				CLANG_CXX_LANGUAGE_STANDARD = "gnu++20";
				CLANG_ENABLE_MODULES = YES;
				CLANG_ENABLE_OBJC_ARC = YES;
				CLANG_ENABLE_OBJC_WEAK = YES;
				CLANG_WARN_BLOCK_CAPTURE_AUTORELEASING = YES;
				CLANG_WARN_BOOL_CONVERSION = YES;
				CLANG_WARN_COMMA = YES;
				CLANG_WARN_CONSTANT_CONVERSION = YES;
				CLANG_WARN_DEPRECATED_OBJC_IMPLEMENTATIONS = YES;
				CLANG_WARN_DIRECT_OBJC_ISA_USAGE = YES_ERROR;
				CLANG_WARN_DOCUMENTATION_COMMENTS = YES;
				CLANG_WARN_EMPTY_BODY = YES;
				CLANG_WARN_ENUM_CONVERSION = YES;
				CLANG_WARN_INFINITE_RECURSION = YES;
				CLANG_WARN_INT_CONVERSION = YES;
				CLANG_WARN_NON_LITERAL_NULL_CONVERSION = YES;
				CLANG_WARN_OBJC_IMPLICIT_RETAIN_SELF = YES;
				CLANG_WARN_OBJC_LITERAL_CONVERSION = YES;
				CLANG_WARN_OBJC_ROOT_CLASS = YES_ERROR;
				CLANG_WARN_QUOTED_INCLUDE_IN_FRAMEWORK_HEADER = YES;
				CLANG_WARN_RANGE_LOOP_ANALYSIS = YES;
				CLANG_WARN_STRICT_PROTOTYPES = YES;
				CLANG_WARN_SUSPICIOUS_MOVE = YES;
				CLANG_WARN_UNGUARDED_AVAILABILITY = YES_AGGRESSIVE;
				CLANG_WARN_UNREACHABLE_CODE = YES;
				CLANG_WARN__DUPLICATE_METHOD_MATCH = YES;
				COPY_PHASE_STRIP = NO;
				DEBUG_INFORMATION_FORMAT = "dwarf-with-dsym";
				ENABLE_NS_ASSERTIONS = NO;
				ENABLE_STRICT_OBJC_MSGSEND = YES;
				GCC_C_LANGUAGE_STANDARD = gnu11;
				GCC_NO_COMMON_BLOCKS = YES;
				GCC_WARN_64_TO_32_BIT_CONVERSION = YES;
				GCC_WARN_ABOUT_RETURN_TYPE = YES_ERROR;
				GCC_WARN_UNDECLARED_SELECTOR = YES;
				GCC_WARN_UNINITIALIZED_AUTOS = YES_AGGRESSIVE;
				GCC_WARN_UNUSED_FUNCTION = YES;
				GCC_WARN_UNUSED_VARIABLE = YES;
				IPHONEOS_DEPLOYMENT_TARGET = 16.2;
				MTL_ENABLE_DEBUG_INFO = NO;
				MTL_FAST_MATH = YES;
				SDKROOT = iphoneos;
				SWIFT_COMPILATION_MODE = wholemodule;
				SWIFT_OPTIMIZATION_LEVEL = "-O";
				VALIDATE_PRODUCT = YES;
			};
			name = Release;
		};
		EF29497029C8CBBC000400E7 /* Debug */ = {
			isa = XCBuildConfiguration;
			buildSettings = {
				ASSETCATALOG_COMPILER_APPICON_NAME = AppIcon;
				ASSETCATALOG_COMPILER_GLOBAL_ACCENT_COLOR_NAME = AccentColor;
				CODE_SIGN_STYLE = Automatic;
				CURRENT_PROJECT_VERSION = 1;
				DEVELOPMENT_TEAM = 5AXXJ74V2C;
				GENERATE_INFOPLIST_FILE = YES;
				INFOPLIST_FILE = 3.2/Info.plist;
				INFOPLIST_KEY_UIApplicationSupportsIndirectInputEvents = YES;
				INFOPLIST_KEY_UILaunchStoryboardName = LaunchScreen;
				INFOPLIST_KEY_UIMainStoryboardFile = Main;
				INFOPLIST_KEY_UISupportedInterfaceOrientations_iPad = "UIInterfaceOrientationPortrait UIInterfaceOrientationPortraitUpsideDown UIInterfaceOrientationLandscapeLeft UIInterfaceOrientationLandscapeRight";
				INFOPLIST_KEY_UISupportedInterfaceOrientations_iPhone = "UIInterfaceOrientationPortrait UIInterfaceOrientationLandscapeLeft UIInterfaceOrientationLandscapeRight";
				LD_RUNPATH_SEARCH_PATHS = (
					"$(inherited)",
					"@executable_path/Frameworks",
				);
				MARKETING_VERSION = 1.0;
				PRODUCT_BUNDLE_IDENTIFIER = "OA.--2";
				PRODUCT_NAME = "$(TARGET_NAME)";
				SUPPORTED_PLATFORMS = "iphoneos iphonesimulator";
				SUPPORTS_MACCATALYST = NO;
				SUPPORTS_MAC_DESIGNED_FOR_IPHONE_IPAD = NO;
				SWIFT_EMIT_LOC_STRINGS = YES;
				SWIFT_VERSION = 5.0;
				TARGETED_DEVICE_FAMILY = 1;
			};
			name = Debug;
		};
		EF29497129C8CBBC000400E7 /* Release */ = {
			isa = XCBuildConfiguration;
			buildSettings = {
				ASSETCATALOG_COMPILER_APPICON_NAME = AppIcon;
				ASSETCATALOG_COMPILER_GLOBAL_ACCENT_COLOR_NAME = AccentColor;
				CODE_SIGN_STYLE = Automatic;
				CURRENT_PROJECT_VERSION = 1;
				DEVELOPMENT_TEAM = 5AXXJ74V2C;
				GENERATE_INFOPLIST_FILE = YES;
				INFOPLIST_FILE = 3.2/Info.plist;
				INFOPLIST_KEY_UIApplicationSupportsIndirectInputEvents = YES;
				INFOPLIST_KEY_UILaunchStoryboardName = LaunchScreen;
				INFOPLIST_KEY_UIMainStoryboardFile = Main;
				INFOPLIST_KEY_UISupportedInterfaceOrientations_iPad = "UIInterfaceOrientationPortrait UIInterfaceOrientationPortraitUpsideDown UIInterfaceOrientationLandscapeLeft UIInterfaceOrientationLandscapeRight";
				INFOPLIST_KEY_UISupportedInterfaceOrientations_iPhone = "UIInterfaceOrientationPortrait UIInterfaceOrientationLandscapeLeft UIInterfaceOrientationLandscapeRight";
				LD_RUNPATH_SEARCH_PATHS = (
					"$(inherited)",
					"@executable_path/Frameworks",
				);
				MARKETING_VERSION = 1.0;
				PRODUCT_BUNDLE_IDENTIFIER = "OA.--2";
				PRODUCT_NAME = "$(TARGET_NAME)";
				SUPPORTED_PLATFORMS = "iphoneos iphonesimulator";
				SUPPORTS_MACCATALYST = NO;
				SUPPORTS_MAC_DESIGNED_FOR_IPHONE_IPAD = NO;
				SWIFT_EMIT_LOC_STRINGS = YES;
				SWIFT_VERSION = 5.0;
				TARGETED_DEVICE_FAMILY = 1;
			};
			name = Release;
		};
/* End XCBuildConfiguration section */

/* Begin XCConfigurationList section */
		EF29495629C8CBBB000400E7 /* Build configuration list for PBXProject "3.2" */ = {
			isa = XCConfigurationList;
			buildConfigurations = (
				EF29496D29C8CBBC000400E7 /* Debug */,
				EF29496E29C8CBBC000400E7 /* Release */,
			);
			defaultConfigurationIsVisible = 0;
			defaultConfigurationName = Release;
		};
		EF29496F29C8CBBC000400E7 /* Build configuration list for PBXNativeTarget "3.2" */ = {
			isa = XCConfigurationList;
			buildConfigurations = (
				EF29497029C8CBBC000400E7 /* Debug */,
				EF29497129C8CBBC000400E7 /* Release */,
			);
			defaultConfigurationIsVisible = 0;
			defaultConfigurationName = Release;
		};
/* End XCConfigurationList section */
	};
	rootObject = EF29495329C8CBBB000400E7 /* Project object */;
}
